
Microsoft Visual Studio Solution File, Format Version 12.00
# Visual Studio 14
VisualStudioVersion = 14.0.25420.1
MinimumVisualStudioVersion = 10.0.40219.1
Project("{FAE04EC0-301F-11D3-BF4B-00C04F79EFBC}") = "WebAndLoadTestProject3", "WebAndLoadTestProject3\WebAndLoadTestProject3.csproj", "{FCC3A6AB-8255-468B-A033-57585D4C05B8}"
EndProject
Project("{2150E333-8FDC-42A3-9474-1A3956D46DE8}") = "Solution Items", "Solution Items", "{4F8FF798-26DB-42FF-A2FD-F2EF1B3ECB1B}"
	ProjectSection(SolutionItems) = preProject
		Local.testsettings = Local.testsettings
	EndProjectSection
EndProject
Global
	GlobalSection(SolutionConfigurationPlatforms) = preSolution
		Debug|Any CPU = Debug|Any CPU
		Release|Any CPU = Release|Any CPU
	EndGlobalSection
	GlobalSection(ProjectConfigurationPlatforms) = postSolution
		{FCC3A6AB-8255-468B-A033-57585D4C05B8}.Debug|Any CPU.ActiveCfg = Debug|Any CPU
		{FCC3A6AB-8255-468B-A033-57585D4C05B8}.Debug|Any CPU.Build.0 = Debug|Any CPU
		{FCC3A6AB-8255-468B-A033-57585D4C05B8}.Release|Any CPU.ActiveCfg = Release|Any CPU
		{FCC3A6AB-8255-468B-A033-57585D4C05B8}.Release|Any CPU.Build.0 = Release|Any CPU
	EndGlobalSection
	GlobalSection(SolutionProperties) = preSolution
		HideSolutionNode = FALSE
	EndGlobalSection
EndGlobal
